
Microsoft Visual Studio Solution File, Format Version 12.00
# Visual Studio Version 17
VisualStudioVersion = 17.4.33213.308
MinimumVisualStudioVersion = 10.0.40219.1
Project("{9A19103F-16F7-4668-BE54-9A1E7A4F7556}") = "Timetables.Application", "Timetables.Application\Timetables.Application.csproj", "{A3C961D0-EC09-4EA7-9C46-C7DB9F1BA8D2}"
EndProject
Project("{9A19103F-16F7-4668-BE54-9A1E7A4F7556}") = "Timetables.Core", "Timetables.Core\Timetables.Core.csproj", "{2D19BCB1-B7C0-47E6-8A8A-A324E308159A}"
EndProject
Project("{9A19103F-16F7-4668-BE54-9A1E7A4F7556}") = "Timetables.Data", "Timetables.Data\Timetables.Data.csproj", "{2A059A6B-23C4-4122-BBF3-9385BA363F72}"
EndProject
Global
	GlobalSection(SolutionConfigurationPlatforms) = preSolution
		Debug|Any CPU = Debug|Any CPU
		Release|Any CPU = Release|Any CPU
	EndGlobalSection
	GlobalSection(ProjectConfigurationPlatforms) = postSolution
		{A3C961D0-EC09-4EA7-9C46-C7DB9F1BA8D2}.Debug|Any CPU.ActiveCfg = Debug|Any CPU
		{A3C961D0-EC09-4EA7-9C46-C7DB9F1BA8D2}.Debug|Any CPU.Build.0 = Debug|Any CPU
		{A3C961D0-EC09-4EA7-9C46-C7DB9F1BA8D2}.Release|Any CPU.ActiveCfg = Release|Any CPU
		{A3C961D0-EC09-4EA7-9C46-C7DB9F1BA8D2}.Release|Any CPU.Build.0 = Release|Any CPU
		{2D19BCB1-B7C0-47E6-8A8A-A324E308159A}.Debug|Any CPU.ActiveCfg = Debug|Any CPU
		{2D19BCB1-B7C0-47E6-8A8A-A324E308159A}.Debug|Any CPU.Build.0 = Debug|Any CPU
		{2D19BCB1-B7C0-47E6-8A8A-A324E308159A}.Release|Any CPU.ActiveCfg = Release|Any CPU
		{2D19BCB1-B7C0-47E6-8A8A-A324E308159A}.Release|Any CPU.Build.0 = Release|Any CPU
		{2A059A6B-23C4-4122-BBF3-9385BA363F72}.Debug|Any CPU.ActiveCfg = Debug|Any CPU
		{2A059A6B-23C4-4122-BBF3-9385BA363F72}.Debug|Any CPU.Build.0 = Debug|Any CPU
		{2A059A6B-23C4-4122-BBF3-9385BA363F72}.Release|Any CPU.ActiveCfg = Release|Any CPU
		{2A059A6B-23C4-4122-BBF3-9385BA363F72}.Release|Any CPU.Build.0 = Release|Any CPU
	EndGlobalSection
	GlobalSection(SolutionProperties) = preSolution
		HideSolutionNode = FALSE
	EndGlobalSection
	GlobalSection(ExtensibilityGlobals) = postSolution
		SolutionGuid = {7A3054F3-6A16-415D-906D-5AD62EF61836}
	EndGlobalSection
EndGlobal
