
Microsoft Visual Studio Solution File, Format Version 12.00
# Visual Studio Version 17
VisualStudioVersion = 17.4.33213.308
MinimumVisualStudioVersion = 10.0.40219.1
Project("{9A19103F-16F7-4668-BE54-9A1E7A4F7556}") = "Timetables.Application", "Timetables.Application.csproj", "{10D63F32-A1D0-42CC-B6A0-6718705704BB}"
EndProject
Project("{9A19103F-16F7-4668-BE54-9A1E7A4F7556}") = "Timetables.Core", "..\Timetables.Core\Timetables.Core.csproj", "{105543B7-75D7-41F6-BB12-1725B99F0448}"
EndProject
Project("{9A19103F-16F7-4668-BE54-9A1E7A4F7556}") = "Timetables.Data", "..\Timetables.Data\Timetables.Data.csproj", "{EB40DB11-ADD7-423D-A158-2DC33EB2D8DB}"
EndProject
Global
	GlobalSection(SolutionConfigurationPlatforms) = preSolution
		Debug|Any CPU = Debug|Any CPU
		Release|Any CPU = Release|Any CPU
	EndGlobalSection
	GlobalSection(ProjectConfigurationPlatforms) = postSolution
		{10D63F32-A1D0-42CC-B6A0-6718705704BB}.Debug|Any CPU.ActiveCfg = Debug|Any CPU
		{10D63F32-A1D0-42CC-B6A0-6718705704BB}.Debug|Any CPU.Build.0 = Debug|Any CPU
		{10D63F32-A1D0-42CC-B6A0-6718705704BB}.Release|Any CPU.ActiveCfg = Release|Any CPU
		{10D63F32-A1D0-42CC-B6A0-6718705704BB}.Release|Any CPU.Build.0 = Release|Any CPU
		{105543B7-75D7-41F6-BB12-1725B99F0448}.Debug|Any CPU.ActiveCfg = Debug|Any CPU
		{105543B7-75D7-41F6-BB12-1725B99F0448}.Debug|Any CPU.Build.0 = Debug|Any CPU
		{105543B7-75D7-41F6-BB12-1725B99F0448}.Release|Any CPU.ActiveCfg = Release|Any CPU
		{105543B7-75D7-41F6-BB12-1725B99F0448}.Release|Any CPU.Build.0 = Release|Any CPU
		{EB40DB11-ADD7-423D-A158-2DC33EB2D8DB}.Debug|Any CPU.ActiveCfg = Debug|Any CPU
		{EB40DB11-ADD7-423D-A158-2DC33EB2D8DB}.Debug|Any CPU.Build.0 = Debug|Any CPU
		{EB40DB11-ADD7-423D-A158-2DC33EB2D8DB}.Release|Any CPU.ActiveCfg = Release|Any CPU
		{EB40DB11-ADD7-423D-A158-2DC33EB2D8DB}.Release|Any CPU.Build.0 = Release|Any CPU
	EndGlobalSection
	GlobalSection(SolutionProperties) = preSolution
		HideSolutionNode = FALSE
	EndGlobalSection
	GlobalSection(ExtensibilityGlobals) = postSolution
		SolutionGuid = {EDADB22C-896B-4E29-B70C-1774582D7268}
	EndGlobalSection
EndGlobal
